// !$*UTF8*$!
{
	archiveVersion = 1;
	classes = {
	};
	objectVersion = 77;
	objects = {

/* Begin PBXBuildFile section */
		9DAB4B002EC9EF3F00EE4DED /* FirebaseAnalytics in Frameworks */ = {isa = PBXBuildFile; productRef = 9DAB4AFF2EC9EF3F00EE4DED /* FirebaseAnalytics */; };
		9DAB4B022EC9EF3F00EE4DED /* FirebaseAuth in Frameworks */ = {isa = PBXBuildFile; productRef = 9DAB4B012EC9EF3F00EE4DED /* FirebaseAuth */; };
		9DAB4B042EC9EF3F00EE4DED /* FirebaseCore in Frameworks */ = {isa = PBXBuildFile; productRef = 9DAB4B032EC9EF3F00EE4DED /* FirebaseCore */; };
		9DAB4B062EC9EF3F00EE4DED /* FirebaseFirestore in Frameworks */ = {isa = PBXBuildFile; productRef = 9DAB4B052EC9EF3F00EE4DED /* FirebaseFirestore */; };
		9DAB4B082EC9EF3F00EE4DED /* FirebaseMessaging in Frameworks */ = {isa = PBXBuildFile; productRef = 9DAB4B072EC9EF3F00EE4DED /* FirebaseMessaging */; };
		9DAB4B0A2EC9EF3F00EE4DED /* FirebaseStorage in Frameworks */ = {isa = PBXBuildFile; productRef = 9DAB4B092EC9EF3F00EE4DED /* FirebaseStorage */; };
		9DB0C1012EC9DC9000EE4DED /* PetReadyShared in Frameworks */ = {isa = PBXBuildFile; productRef = 9DB0C1022EC9DC9000EE4DED /* PetReadyShared */; };
/* End PBXBuildFile section */

/* Begin PBXContainerItemProxy section */
		9DAB4A442EC9D76F00EE4DED /* PBXContainerItemProxy */ = {
			isa = PBXContainerItemProxy;
			containerPortal = 9DAB4A2E2EC9D76D00EE4DED /* Project object */;
			proxyType = 1;
			remoteGlobalIDString = 9DAB4A352EC9D76D00EE4DED;
			remoteInfo = PetReadyCentralAdmin;
		};
		9DAB4A4E2EC9D76F00EE4DED /* PBXContainerItemProxy */ = {
			isa = PBXContainerItemProxy;
			containerPortal = 9DAB4A2E2EC9D76D00EE4DED /* Project object */;
			proxyType = 1;
			remoteGlobalIDString = 9DAB4A352EC9D76D00EE4DED;
			remoteInfo = PetReadyCentralAdmin;
		};
/* End PBXContainerItemProxy section */

/* Begin PBXFileReference section */
		9DAB4A362EC9D76D00EE4DED /* PetReadyCentralAdmin.app */ = {isa = PBXFileReference; explicitFileType = wrapper.application; includeInIndex = 0; path = PetReadyCentralAdmin.app; sourceTree = BUILT_PRODUCTS_DIR; };
		9DAB4A432EC9D76F00EE4DED /* PetReadyCentralAdminTests.xctest */ = {isa = PBXFileReference; explicitFileType = wrapper.cfbundle; includeInIndex = 0; path = PetReadyCentralAdminTests.xctest; sourceTree = BUILT_PRODUCTS_DIR; };
		9DAB4A4D2EC9D76F00EE4DED /* PetReadyCentralAdminUITests.xctest */ = {isa = PBXFileReference; explicitFileType = wrapper.cfbundle; includeInIndex = 0; path = PetReadyCentralAdminUITests.xctest; sourceTree = BUILT_PRODUCTS_DIR; };
/* End PBXFileReference section */

/* Begin PBXFileSystemSynchronizedRootGroup section */
		9DAB4A382EC9D76D00EE4DED /* PetReadyCentralAdmin */ = {
			isa = PBXFileSystemSynchronizedRootGroup;
			path = PetReadyCentralAdmin;
			sourceTree = "<group>";
		};
		9DAB4A462EC9D76F00EE4DED /* PetReadyCentralAdminTests */ = {
			isa = PBXFileSystemSynchronizedRootGroup;
			path = PetReadyCentralAdminTests;
			sourceTree = "<group>";
		};
		9DAB4A502EC9D76F00EE4DED /* PetReadyCentralAdminUITests */ = {
			isa = PBXFileSystemSynchronizedRootGroup;
			path = PetReadyCentralAdminUITests;
			sourceTree = "<group>";
		};
/* End PBXFileSystemSynchronizedRootGroup section */

/* Begin PBXFrameworksBuildPhase section */
		9DAB4A332EC9D76D00EE4DED /* Frameworks */ = {
			isa = PBXFrameworksBuildPhase;
			buildActionMask = 2147483647;
			files = (
				9DAB4B082EC9EF3F00EE4DED /* FirebaseMessaging in Frameworks */,
				9DAB4B002EC9EF3F00EE4DED /* FirebaseAnalytics in Frameworks */,
				9DAB4B022EC9EF3F00EE4DED /* FirebaseAuth in Frameworks */,
				9DAB4B042EC9EF3F00EE4DED /* FirebaseCore in Frameworks */,
				9DAB4B0A2EC9EF3F00EE4DED /* FirebaseStorage in Frameworks */,
				9DAB4B062EC9EF3F00EE4DED /* FirebaseFirestore in Frameworks */,
				9DB0C1012EC9DC9000EE4DED /* PetReadyShared in Frameworks */,
			);
			runOnlyForDeploymentPostprocessing = 0;
		};
		9DAB4A402EC9D76F00EE4DED /* Frameworks */ = {
			isa = PBXFrameworksBuildPhase;
			buildActionMask = 2147483647;
			files = (
			);
			runOnlyForDeploymentPostprocessing = 0;
		};
		9DAB4A4A2EC9D76F00EE4DED /* Frameworks */ = {
			isa = PBXFrameworksBuildPhase;
			buildActionMask = 2147483647;
			files = (
			);
			runOnlyForDeploymentPostprocessing = 0;
		};
/* End PBXFrameworksBuildPhase section */

/* Begin PBXGroup section */
		9DAB4A2D2EC9D76D00EE4DED = {
			isa = PBXGroup;
			children = (
				9DAB4A382EC9D76D00EE4DED /* PetReadyCentralAdmin */,
				9DAB4A462EC9D76F00EE4DED /* PetReadyCentralAdminTests */,
				9DAB4A502EC9D76F00EE4DED /* PetReadyCentralAdminUITests */,
				9DAB4A372EC9D76D00EE4DED /* Products */,
			);
			sourceTree = "<group>";
		};
		9DAB4A372EC9D76D00EE4DED /* Products */ = {
			isa = PBXGroup;
			children = (
				9DAB4A362EC9D76D00EE4DED /* PetReadyCentralAdmin.app */,
				9DAB4A432EC9D76F00EE4DED /* PetReadyCentralAdminTests.xctest */,
				9DAB4A4D2EC9D76F00EE4DED /* PetReadyCentralAdminUITests.xctest */,
			);
			name = Products;
			sourceTree = "<group>";
		};
/* End PBXGroup section */

/* Begin PBXNativeTarget section */
		9DAB4A352EC9D76D00EE4DED /* PetReadyCentralAdmin */ = {
			isa = PBXNativeTarget;
			buildConfigurationList = 9DAB4A572EC9D76F00EE4DED /* Build configuration list for PBXNativeTarget "PetReadyCentralAdmin" */;
			buildPhases = (
				9DAB4A322EC9D76D00EE4DED /* Sources */,
				9DAB4A332EC9D76D00EE4DED /* Frameworks */,
				9DAB4A342EC9D76D00EE4DED /* Resources */,
			);
			buildRules = (
			);
			dependencies = (
			);
			fileSystemSynchronizedGroups = (
				9DAB4A382EC9D76D00EE4DED /* PetReadyCentralAdmin */,
			);
			name = PetReadyCentralAdmin;
			packageProductDependencies = (
				9DB0C1022EC9DC9000EE4DED /* PetReadyShared */,
				9DAB4AFF2EC9EF3F00EE4DED /* FirebaseAnalytics */,
				9DAB4B012EC9EF3F00EE4DED /* FirebaseAuth */,
				9DAB4B032EC9EF3F00EE4DED /* FirebaseCore */,
				9DAB4B052EC9EF3F00EE4DED /* FirebaseFirestore */,
				9DAB4B072EC9EF3F00EE4DED /* FirebaseMessaging */,
				9DAB4B092EC9EF3F00EE4DED /* FirebaseStorage */,
			);
			productName = PetReadyCentralAdmin;
			productReference = 9DAB4A362EC9D76D00EE4DED /* PetReadyCentralAdmin.app */;
			productType = "com.apple.product-type.application";
		};
		9DAB4A422EC9D76F00EE4DED /* PetReadyCentralAdminTests */ = {
			isa = PBXNativeTarget;
			buildConfigurationList = 9DAB4A5A2EC9D76F00EE4DED /* Build configuration list for PBXNativeTarget "PetReadyCentralAdminTests" */;
			buildPhases = (
				9DAB4A3F2EC9D76F00EE4DED /* Sources */,
				9DAB4A402EC9D76F00EE4DED /* Frameworks */,
				9DAB4A412EC9D76F00EE4DED /* Resources */,
			);
			buildRules = (
			);
			dependencies = (
				9DAB4A452EC9D76F00EE4DED /* PBXTargetDependency */,
			);
			fileSystemSynchronizedGroups = (
				9DAB4A462EC9D76F00EE4DED /* PetReadyCentralAdminTests */,
			);
			name = PetReadyCentralAdminTests;
			packageProductDependencies = (
			);
			productName = PetReadyCentralAdminTests;
			productReference = 9DAB4A432EC9D76F00EE4DED /* PetReadyCentralAdminTests.xctest */;
			productType = "com.apple.product-type.bundle.unit-test";
		};
		9DAB4A4C2EC9D76F00EE4DED /* PetReadyCentralAdminUITests */ = {
			isa = PBXNativeTarget;
			buildConfigurationList = 9DAB4A5D2EC9D76F00EE4DED /* Build configuration list for PBXNativeTarget "PetReadyCentralAdminUITests" */;
			buildPhases = (
				9DAB4A492EC9D76F00EE4DED /* Sources */,
				9DAB4A4A2EC9D76F00EE4DED /* Frameworks */,
				9DAB4A4B2EC9D76F00EE4DED /* Resources */,
			);
			buildRules = (
			);
			dependencies = (
				9DAB4A4F2EC9D76F00EE4DED /* PBXTargetDependency */,
			);
			fileSystemSynchronizedGroups = (
				9DAB4A502EC9D76F00EE4DED /* PetReadyCentralAdminUITests */,
			);
			name = PetReadyCentralAdminUITests;
			packageProductDependencies = (
			);
			productName = PetReadyCentralAdminUITests;
			productReference = 9DAB4A4D2EC9D76F00EE4DED /* PetReadyCentralAdminUITests.xctest */;
			productType = "com.apple.product-type.bundle.ui-testing";
		};
/* End PBXNativeTarget section */

/* Begin PBXProject section */
		9DAB4A2E2EC9D76D00EE4DED /* Project object */ = {
			isa = PBXProject;
			attributes = {
				BuildIndependentTargetsInParallel = 1;
				LastSwiftUpdateCheck = 2610;
				LastUpgradeCheck = 2610;
				TargetAttributes = {
					9DAB4A352EC9D76D00EE4DED = {
						CreatedOnToolsVersion = 26.1.1;
					};
					9DAB4A422EC9D76F00EE4DED = {
						CreatedOnToolsVersion = 26.1.1;
						TestTargetID = 9DAB4A352EC9D76D00EE4DED;
					};
					9DAB4A4C2EC9D76F00EE4DED = {
						CreatedOnToolsVersion = 26.1.1;
						TestTargetID = 9DAB4A352EC9D76D00EE4DED;
					};
				};
			};
			buildConfigurationList = 9DAB4A312EC9D76D00EE4DED /* Build configuration list for PBXProject "PetReadyCentralAdmin" */;
			developmentRegion = en;
			hasScannedForEncodings = 0;
			knownRegions = (
				en,
				Base,
			);
			mainGroup = 9DAB4A2D2EC9D76D00EE4DED;
			minimizedProjectReferenceProxies = 1;
			packageReferences = (
				9DB0C1032EC9DC9000EE4DED /* XCLocalSwiftPackageReference "../" */,
				9DAB4AFE2EC9EF3F00EE4DED /* XCRemoteSwiftPackageReference "firebase-ios-sdk" */,
			);
			preferredProjectObjectVersion = 77;
			productRefGroup = 9DAB4A372EC9D76D00EE4DED /* Products */;
			projectDirPath = "";
			projectRoot = "";
			targets = (
				9DAB4A352EC9D76D00EE4DED /* PetReadyCentralAdmin */,
				9DAB4A422EC9D76F00EE4DED /* PetReadyCentralAdminTests */,
				9DAB4A4C2EC9D76F00EE4DED /* PetReadyCentralAdminUITests */,
			);
		};
/* End PBXProject section */

/* Begin PBXResourcesBuildPhase section */
		9DAB4A342EC9D76D00EE4DED /* Resources */ = {
			isa = PBXResourcesBuildPhase;
			buildActionMask = 2147483647;
			files = (
			);
			runOnlyForDeploymentPostprocessing = 0;
		};
		9DAB4A412EC9D76F00EE4DED /* Resources */ = {
			isa = PBXResourcesBuildPhase;
			buildActionMask = 2147483647;
			files = (
			);
			runOnlyForDeploymentPostprocessing = 0;
		};
		9DAB4A4B2EC9D76F00EE4DED /* Resources */ = {
			isa = PBXResourcesBuildPhase;
			buildActionMask = 2147483647;
			files = (
			);
			runOnlyForDeploymentPostprocessing = 0;
		};
/* End PBXResourcesBuildPhase section */

/* Begin PBXSourcesBuildPhase section */
		9DAB4A322EC9D76D00EE4DED /* Sources */ = {
			isa = PBXSourcesBuildPhase;
			buildActionMask = 2147483647;
			files = (
			);
			runOnlyForDeploymentPostprocessing = 0;
		};
		9DAB4A3F2EC9D76F00EE4DED /* Sources */ = {
			isa = PBXSourcesBuildPhase;
			buildActionMask = 2147483647;
			files = (
			);
			runOnlyForDeploymentPostprocessing = 0;
		};
		9DAB4A492EC9D76F00EE4DED /* Sources */ = {
			isa = PBXSourcesBuildPhase;
			buildActionMask = 2147483647;
			files = (
			);
			runOnlyForDeploymentPostprocessing = 0;
		};
/* End PBXSourcesBuildPhase section */

/* Begin PBXTargetDependency section */
		9DAB4A452EC9D76F00EE4DED /* PBXTargetDependency */ = {
			isa = PBXTargetDependency;
			target = 9DAB4A352EC9D76D00EE4DED /* PetReadyCentralAdmin */;
			targetProxy = 9DAB4A442EC9D76F00EE4DED /* PBXContainerItemProxy */;
		};
		9DAB4A4F2EC9D76F00EE4DED /* PBXTargetDependency */ = {
			isa = PBXTargetDependency;
			target = 9DAB4A352EC9D76D00EE4DED /* PetReadyCentralAdmin */;
			targetProxy = 9DAB4A4E2EC9D76F00EE4DED /* PBXContainerItemProxy */;
		};
/* End PBXTargetDependency section */

/* Begin XCBuildConfiguration section */
		9DAB4A552EC9D76F00EE4DED /* Debug */ = {
			isa = XCBuildConfiguration;
			buildSettings = {
				ALWAYS_SEARCH_USER_PATHS = NO;
				ASSETCATALOG_COMPILER_GENERATE_SWIFT_ASSET_SYMBOL_EXTENSIONS = YES;
				CLANG_ANALYZER_NONNULL = YES;
				CLANG_ANALYZER_NUMBER_OBJECT_CONVERSION = YES_AGGRESSIVE;
				CLANG_CXX_LANGUAGE_STANDARD = "gnu++20";
				CLANG_ENABLE_MODULES = YES;
				CLANG_ENABLE_OBJC_ARC = YES;
				CLANG_ENABLE_OBJC_WEAK = YES;
				CLANG_WARN_BLOCK_CAPTURE_AUTORELEASING = YES;
				CLANG_WARN_BOOL_CONVERSION = YES;
				CLANG_WARN_COMMA = YES;
				CLANG_WARN_CONSTANT_CONVERSION = YES;
				CLANG_WARN_DEPRECATED_OBJC_IMPLEMENTATIONS = YES;
				CLANG_WARN_DIRECT_OBJC_ISA_USAGE = YES_ERROR;
				CLANG_WARN_DOCUMENTATION_COMMENTS = YES;
				CLANG_WARN_EMPTY_BODY = YES;
				CLANG_WARN_ENUM_CONVERSION = YES;
				CLANG_WARN_INFINITE_RECURSION = YES;
				CLANG_WARN_INT_CONVERSION = YES;
				CLANG_WARN_NON_LITERAL_NULL_CONVERSION = YES;
				CLANG_WARN_OBJC_IMPLICIT_RETAIN_SELF = YES;
				CLANG_WARN_OBJC_LITERAL_CONVERSION = YES;
				CLANG_WARN_OBJC_ROOT_CLASS = YES_ERROR;
				CLANG_WARN_QUOTED_INCLUDE_IN_FRAMEWORK_HEADER = YES;
				CLANG_WARN_RANGE_LOOP_ANALYSIS = YES;
				CLANG_WARN_STRICT_PROTOTYPES = YES;
				CLANG_WARN_SUSPICIOUS_MOVE = YES;
				CLANG_WARN_UNGUARDED_AVAILABILITY = YES_AGGRESSIVE;
				CLANG_WARN_UNREACHABLE_CODE = YES;
				CLANG_WARN__DUPLICATE_METHOD_MATCH = YES;
				COPY_PHASE_STRIP = NO;
				DEBUG_INFORMATION_FORMAT = dwarf;
				DEVELOPMENT_TEAM = 3BX247D8FJ;
				ENABLE_STRICT_OBJC_MSGSEND = YES;
				ENABLE_TESTABILITY = YES;
				ENABLE_USER_SCRIPT_SANDBOXING = YES;
				GCC_C_LANGUAGE_STANDARD = gnu17;
				GCC_DYNAMIC_NO_PIC = NO;
				GCC_NO_COMMON_BLOCKS = YES;
				GCC_OPTIMIZATION_LEVEL = 0;
				GCC_PREPROCESSOR_DEFINITIONS = (
					"DEBUG=1",
					"$(inherited)",
				);
				GCC_WARN_64_TO_32_BIT_CONVERSION = YES;
				GCC_WARN_ABOUT_RETURN_TYPE = YES_ERROR;
				GCC_WARN_UNDECLARED_SELECTOR = YES;
				GCC_WARN_UNINITIALIZED_AUTOS = YES_AGGRESSIVE;
				GCC_WARN_UNUSED_FUNCTION = YES;
				GCC_WARN_UNUSED_VARIABLE = YES;
				IPHONEOS_DEPLOYMENT_TARGET = 26.1;
				LOCALIZATION_PREFERS_STRING_CATALOGS = YES;
				MTL_ENABLE_DEBUG_INFO = INCLUDE_SOURCE;
				MTL_FAST_MATH = YES;
				ONLY_ACTIVE_ARCH = YES;
				SDKROOT = iphoneos;
				STRING_CATALOG_GENERATE_SYMBOLS = YES;
				SWIFT_ACTIVE_COMPILATION_CONDITIONS = "DEBUG $(inherited)";
				SWIFT_OPTIMIZATION_LEVEL = "-Onone";
			};
			name = Debug;
		};
		9DAB4A562EC9D76F00EE4DED /* Release */ = {
			isa = XCBuildConfiguration;
			buildSettings = {
				ALWAYS_SEARCH_USER_PATHS = NO;
				ASSETCATALOG_COMPILER_GENERATE_SWIFT_ASSET_SYMBOL_EXTENSIONS = YES;
				CLANG_ANALYZER_NONNULL = YES;
				CLANG_ANALYZER_NUMBER_OBJECT_CONVERSION = YES_AGGRESSIVE;
				CLANG_CXX_LANGUAGE_STANDARD = "gnu++20";
				CLANG_ENABLE_MODULES = YES;
				CLANG_ENABLE_OBJC_ARC = YES;
				CLANG_ENABLE_OBJC_WEAK = YES;
				CLANG_WARN_BLOCK_CAPTURE_AUTORELEASING = YES;
				CLANG_WARN_BOOL_CONVERSION = YES;
				CLANG_WARN_COMMA = YES;
				CLANG_WARN_CONSTANT_CONVERSION = YES;
				CLANG_WARN_DEPRECATED_OBJC_IMPLEMENTATIONS = YES;
				CLANG_WARN_DIRECT_OBJC_ISA_USAGE = YES_ERROR;
				CLANG_WARN_DOCUMENTATION_COMMENTS = YES;
				CLANG_WARN_EMPTY_BODY = YES;
				CLANG_WARN_ENUM_CONVERSION = YES;
				CLANG_WARN_INFINITE_RECURSION = YES;
				CLANG_WARN_INT_CONVERSION = YES;
				CLANG_WARN_NON_LITERAL_NULL_CONVERSION = YES;
				CLANG_WARN_OBJC_IMPLICIT_RETAIN_SELF = YES;
				CLANG_WARN_OBJC_LITERAL_CONVERSION = YES;
				CLANG_WARN_OBJC_ROOT_CLASS = YES_ERROR;
				CLANG_WARN_QUOTED_INCLUDE_IN_FRAMEWORK_HEADER = YES;
				CLANG_WARN_RANGE_LOOP_ANALYSIS = YES;
				CLANG_WARN_STRICT_PROTOTYPES = YES;
				CLANG_WARN_SUSPICIOUS_MOVE = YES;
				CLANG_WARN_UNGUARDED_AVAILABILITY = YES_AGGRESSIVE;
				CLANG_WARN_UNREACHABLE_CODE = YES;
				CLANG_WARN__DUPLICATE_METHOD_MATCH = YES;
				COPY_PHASE_STRIP = NO;
				DEBUG_INFORMATION_FORMAT = "dwarf-with-dsym";
				DEVELOPMENT_TEAM = 3BX247D8FJ;
				ENABLE_NS_ASSERTIONS = NO;
				ENABLE_STRICT_OBJC_MSGSEND = YES;
				ENABLE_USER_SCRIPT_SANDBOXING = YES;
				GCC_C_LANGUAGE_STANDARD = gnu17;
				GCC_NO_COMMON_BLOCKS = YES;
				GCC_WARN_64_TO_32_BIT_CONVERSION = YES;
				GCC_WARN_ABOUT_RETURN_TYPE = YES_ERROR;
				GCC_WARN_UNDECLARED_SELECTOR = YES;
				GCC_WARN_UNINITIALIZED_AUTOS = YES_AGGRESSIVE;
				GCC_WARN_UNUSED_FUNCTION = YES;
				GCC_WARN_UNUSED_VARIABLE = YES;
				IPHONEOS_DEPLOYMENT_TARGET = 26.1;
				LOCALIZATION_PREFERS_STRING_CATALOGS = YES;
				MTL_ENABLE_DEBUG_INFO = NO;
				MTL_FAST_MATH = YES;
				SDKROOT = iphoneos;
				STRING_CATALOG_GENERATE_SYMBOLS = YES;
				SWIFT_COMPILATION_MODE = wholemodule;
				VALIDATE_PRODUCT = YES;
			};
			name = Release;
		};
		9DAB4A582EC9D76F00EE4DED /* Debug */ = {
			isa = XCBuildConfiguration;
			buildSettings = {
				ASSETCATALOG_COMPILER_APPICON_NAME = AppIcon;
				ASSETCATALOG_COMPILER_GLOBAL_ACCENT_COLOR_NAME = AccentColor;
				CODE_SIGN_STYLE = Automatic;
				CURRENT_PROJECT_VERSION = 1;
				DEVELOPMENT_TEAM = 3BX247D8FJ;
				ENABLE_PREVIEWS = YES;
               GENERATE_INFOPLIST_FILE = YES;
               INFOPLIST_FILE = "PetReadyCentralAdmin/AdminInfo.plist";
				INFOPLIST_KEY_UIApplicationSceneManifest_Generation = YES;
				INFOPLIST_KEY_UIApplicationSupportsIndirectInputEvents = YES;
				INFOPLIST_KEY_UILaunchScreen_Generation = YES;
				INFOPLIST_KEY_UISupportedInterfaceOrientations_iPad = "UIInterfaceOrientationPortrait UIInterfaceOrientationPortraitUpsideDown UIInterfaceOrientationLandscapeLeft UIInterfaceOrientationLandscapeRight";
				INFOPLIST_KEY_UISupportedInterfaceOrientations_iPhone = "UIInterfaceOrientationPortrait UIInterfaceOrientationLandscapeLeft UIInterfaceOrientationLandscapeRight";
				LD_RUNPATH_SEARCH_PATHS = (
					"$(inherited)",
					"@executable_path/Frameworks",
				);
				MARKETING_VERSION = 1.0;
				PRODUCT_BUNDLE_IDENTIFIER = com.petready.PetReadyCentralAdmin;
				PRODUCT_NAME = "$(TARGET_NAME)";
				STRING_CATALOG_GENERATE_SYMBOLS = YES;
				SWIFT_APPROACHABLE_CONCURRENCY = YES;
				SWIFT_DEFAULT_ACTOR_ISOLATION = MainActor;
				SWIFT_EMIT_LOC_STRINGS = YES;
				SWIFT_UPCOMING_FEATURE_MEMBER_IMPORT_VISIBILITY = YES;
				SWIFT_VERSION = 6.0;
				TARGETED_DEVICE_FAMILY = "1,2";
			};
			name = Debug;
		};
		9DAB4A592EC9D76F00EE4DED /* Release */ = {
			isa = XCBuildConfiguration;
			buildSettings = {
				ASSETCATALOG_COMPILER_APPICON_NAME = AppIcon;
				ASSETCATALOG_COMPILER_GLOBAL_ACCENT_COLOR_NAME = AccentColor;
				CODE_SIGN_STYLE = Automatic;
				CURRENT_PROJECT_VERSION = 1;
				DEVELOPMENT_TEAM = 3BX247D8FJ;
				ENABLE_PREVIEWS = YES;
				GENERATE_INFOPLIST_FILE = YES;
				INFOPLIST_KEY_UIApplicationSceneManifest_Generation = YES;
				INFOPLIST_KEY_UIApplicationSupportsIndirectInputEvents = YES;
				INFOPLIST_KEY_UILaunchScreen_Generation = YES;
				INFOPLIST_KEY_UISupportedInterfaceOrientations_iPad = "UIInterfaceOrientationPortrait UIInterfaceOrientationPortraitUpsideDown UIInterfaceOrientationLandscapeLeft UIInterfaceOrientationLandscapeRight";
				INFOPLIST_KEY_UISupportedInterfaceOrientations_iPhone = "UIInterfaceOrientationPortrait UIInterfaceOrientationLandscapeLeft UIInterfaceOrientationLandscapeRight";
				LD_RUNPATH_SEARCH_PATHS = (
					"$(inherited)",
					"@executable_path/Frameworks",
				);
				MARKETING_VERSION = 1.0;
				PRODUCT_BUNDLE_IDENTIFIER = com.petready.PetReadyCentralAdmin;
				PRODUCT_NAME = "$(TARGET_NAME)";
				STRING_CATALOG_GENERATE_SYMBOLS = YES;
				SWIFT_APPROACHABLE_CONCURRENCY = YES;
				SWIFT_DEFAULT_ACTOR_ISOLATION = MainActor;
				SWIFT_EMIT_LOC_STRINGS = YES;
				SWIFT_UPCOMING_FEATURE_MEMBER_IMPORT_VISIBILITY = YES;
				SWIFT_VERSION = 6.0;
				TARGETED_DEVICE_FAMILY = "1,2";
			};
			name = Release;
		};
		9DAB4A5B2EC9D76F00EE4DED /* Debug */ = {
			isa = XCBuildConfiguration;
			buildSettings = {
				BUNDLE_LOADER = "$(TEST_HOST)";
				CODE_SIGN_STYLE = Automatic;
				CURRENT_PROJECT_VERSION = 1;
				DEVELOPMENT_TEAM = 3BX247D8FJ;
				GENERATE_INFOPLIST_FILE = YES;
				IPHONEOS_DEPLOYMENT_TARGET = 26.1;
				MARKETING_VERSION = 1.0;
				PRODUCT_BUNDLE_IDENTIFIER = com.petready.PetReadyCentralAdminTests;
				PRODUCT_NAME = "$(TARGET_NAME)";
				STRING_CATALOG_GENERATE_SYMBOLS = NO;
				SWIFT_APPROACHABLE_CONCURRENCY = YES;
				SWIFT_EMIT_LOC_STRINGS = NO;
				SWIFT_UPCOMING_FEATURE_MEMBER_IMPORT_VISIBILITY = YES;
				SWIFT_VERSION = 5.0;
				TARGETED_DEVICE_FAMILY = "1,2";
				TEST_HOST = "$(BUILT_PRODUCTS_DIR)/PetReadyCentralAdmin.app/$(BUNDLE_EXECUTABLE_FOLDER_PATH)/PetReadyCentralAdmin";
			};
			name = Debug;
		};
		9DAB4A5C2EC9D76F00EE4DED /* Release */ = {
			isa = XCBuildConfiguration;
			buildSettings = {
				BUNDLE_LOADER = "$(TEST_HOST)";
				CODE_SIGN_STYLE = Automatic;
				CURRENT_PROJECT_VERSION = 1;
				DEVELOPMENT_TEAM = 3BX247D8FJ;
				GENERATE_INFOPLIST_FILE = YES;
				IPHONEOS_DEPLOYMENT_TARGET = 26.1;
				MARKETING_VERSION = 1.0;
				PRODUCT_BUNDLE_IDENTIFIER = com.petready.PetReadyCentralAdminTests;
				PRODUCT_NAME = "$(TARGET_NAME)";
				STRING_CATALOG_GENERATE_SYMBOLS = NO;
				SWIFT_APPROACHABLE_CONCURRENCY = YES;
				SWIFT_EMIT_LOC_STRINGS = NO;
				SWIFT_UPCOMING_FEATURE_MEMBER_IMPORT_VISIBILITY = YES;
				SWIFT_VERSION = 5.0;
				TARGETED_DEVICE_FAMILY = "1,2";
				TEST_HOST = "$(BUILT_PRODUCTS_DIR)/PetReadyCentralAdmin.app/$(BUNDLE_EXECUTABLE_FOLDER_PATH)/PetReadyCentralAdmin";
			};
			name = Release;
		};
		9DAB4A5E2EC9D76F00EE4DED /* Debug */ = {
			isa = XCBuildConfiguration;
			buildSettings = {
				CODE_SIGN_STYLE = Automatic;
				CURRENT_PROJECT_VERSION = 1;
				DEVELOPMENT_TEAM = 3BX247D8FJ;
				GENERATE_INFOPLIST_FILE = YES;
				MARKETING_VERSION = 1.0;
				PRODUCT_BUNDLE_IDENTIFIER = com.petready.PetReadyCentralAdminUITests;
				PRODUCT_NAME = "$(TARGET_NAME)";
				STRING_CATALOG_GENERATE_SYMBOLS = NO;
				SWIFT_APPROACHABLE_CONCURRENCY = YES;
				SWIFT_EMIT_LOC_STRINGS = NO;
				SWIFT_UPCOMING_FEATURE_MEMBER_IMPORT_VISIBILITY = YES;
				SWIFT_VERSION = 5.0;
				TARGETED_DEVICE_FAMILY = "1,2";
				TEST_TARGET_NAME = PetReadyCentralAdmin;
			};
			name = Debug;
		};
		9DAB4A5F2EC9D76F00EE4DED /* Release */ = {
			isa = XCBuildConfiguration;
			buildSettings = {
				CODE_SIGN_STYLE = Automatic;
				CURRENT_PROJECT_VERSION = 1;
				DEVELOPMENT_TEAM = 3BX247D8FJ;
				GENERATE_INFOPLIST_FILE = YES;
				MARKETING_VERSION = 1.0;
				PRODUCT_BUNDLE_IDENTIFIER = com.petready.PetReadyCentralAdminUITests;
				PRODUCT_NAME = "$(TARGET_NAME)";
				STRING_CATALOG_GENERATE_SYMBOLS = NO;
				SWIFT_APPROACHABLE_CONCURRENCY = YES;
				SWIFT_EMIT_LOC_STRINGS = NO;
				SWIFT_UPCOMING_FEATURE_MEMBER_IMPORT_VISIBILITY = YES;
				SWIFT_VERSION = 5.0;
				TARGETED_DEVICE_FAMILY = "1,2";
				TEST_TARGET_NAME = PetReadyCentralAdmin;
			};
			name = Release;
		};
/* End XCBuildConfiguration section */

/* Begin XCConfigurationList section */
		9DAB4A312EC9D76D00EE4DED /* Build configuration list for PBXProject "PetReadyCentralAdmin" */ = {
			isa = XCConfigurationList;
			buildConfigurations = (
				9DAB4A552EC9D76F00EE4DED /* Debug */,
				9DAB4A562EC9D76F00EE4DED /* Release */,
			);
			defaultConfigurationIsVisible = 0;
			defaultConfigurationName = Release;
		};
		9DAB4A572EC9D76F00EE4DED /* Build configuration list for PBXNativeTarget "PetReadyCentralAdmin" */ = {
			isa = XCConfigurationList;
			buildConfigurations = (
				9DAB4A582EC9D76F00EE4DED /* Debug */,
				9DAB4A592EC9D76F00EE4DED /* Release */,
			);
			defaultConfigurationIsVisible = 0;
			defaultConfigurationName = Release;
		};
		9DAB4A5A2EC9D76F00EE4DED /* Build configuration list for PBXNativeTarget "PetReadyCentralAdminTests" */ = {
			isa = XCConfigurationList;
			buildConfigurations = (
				9DAB4A5B2EC9D76F00EE4DED /* Debug */,
				9DAB4A5C2EC9D76F00EE4DED /* Release */,
			);
			defaultConfigurationIsVisible = 0;
			defaultConfigurationName = Release;
		};
		9DAB4A5D2EC9D76F00EE4DED /* Build configuration list for PBXNativeTarget "PetReadyCentralAdminUITests" */ = {
			isa = XCConfigurationList;
			buildConfigurations = (
				9DAB4A5E2EC9D76F00EE4DED /* Debug */,
				9DAB4A5F2EC9D76F00EE4DED /* Release */,
			);
			defaultConfigurationIsVisible = 0;
			defaultConfigurationName = Release;
		};
/* End XCConfigurationList section */

/* Begin XCLocalSwiftPackageReference section */
		9DB0C1032EC9DC9000EE4DED /* XCLocalSwiftPackageReference "../" */ = {
			isa = XCLocalSwiftPackageReference;
			relativePath = ../;
		};
/* End XCLocalSwiftPackageReference section */

/* Begin XCRemoteSwiftPackageReference section */
		9DAB4AFE2EC9EF3F00EE4DED /* XCRemoteSwiftPackageReference "firebase-ios-sdk" */ = {
			isa = XCRemoteSwiftPackageReference;
			repositoryURL = "https://github.com/firebase/firebase-ios-sdk";
			requirement = {
				kind = upToNextMajorVersion;
				minimumVersion = 12.6.0;
			};
		};
/* End XCRemoteSwiftPackageReference section */

/* Begin XCSwiftPackageProductDependency section */
		9DAB4AFF2EC9EF3F00EE4DED /* FirebaseAnalytics */ = {
			isa = XCSwiftPackageProductDependency;
			package = 9DAB4AFE2EC9EF3F00EE4DED /* XCRemoteSwiftPackageReference "firebase-ios-sdk" */;
			productName = FirebaseAnalytics;
		};
		9DAB4B012EC9EF3F00EE4DED /* FirebaseAuth */ = {
			isa = XCSwiftPackageProductDependency;
			package = 9DAB4AFE2EC9EF3F00EE4DED /* XCRemoteSwiftPackageReference "firebase-ios-sdk" */;
			productName = FirebaseAuth;
		};
		9DAB4B032EC9EF3F00EE4DED /* FirebaseCore */ = {
			isa = XCSwiftPackageProductDependency;
			package = 9DAB4AFE2EC9EF3F00EE4DED /* XCRemoteSwiftPackageReference "firebase-ios-sdk" */;
			productName = FirebaseCore;
		};
		9DAB4B052EC9EF3F00EE4DED /* FirebaseFirestore */ = {
			isa = XCSwiftPackageProductDependency;
			package = 9DAB4AFE2EC9EF3F00EE4DED /* XCRemoteSwiftPackageReference "firebase-ios-sdk" */;
			productName = FirebaseFirestore;
		};
		9DAB4B072EC9EF3F00EE4DED /* FirebaseMessaging */ = {
			isa = XCSwiftPackageProductDependency;
			package = 9DAB4AFE2EC9EF3F00EE4DED /* XCRemoteSwiftPackageReference "firebase-ios-sdk" */;
			productName = FirebaseMessaging;
		};
		9DAB4B092EC9EF3F00EE4DED /* FirebaseStorage */ = {
			isa = XCSwiftPackageProductDependency;
			package = 9DAB4AFE2EC9EF3F00EE4DED /* XCRemoteSwiftPackageReference "firebase-ios-sdk" */;
			productName = FirebaseStorage;
		};
		9DB0C1022EC9DC9000EE4DED /* PetReadyShared */ = {
			isa = XCSwiftPackageProductDependency;
			package = 9DB0C1032EC9DC9000EE4DED /* XCLocalSwiftPackageReference "../" */;
			productName = PetReadyShared;
		};
/* End XCSwiftPackageProductDependency section */
	};
	rootObject = 9DAB4A2E2EC9D76D00EE4DED /* Project object */;
}
